
Microsoft Visual Studio Solution File, Format Version 12.00
# Visual Studio 2013
VisualStudioVersion = 12.0.30501.0
MinimumVisualStudioVersion = 10.0.40219.1
Project("{FAE04EC0-301F-11D3-BF4B-00C04F79EFBC}") = "PCG3.Client.GUI", "PCG3.Client.GUI\PCG3.Client.GUI.csproj", "{8C8C69D7-3313-4C6D-9266-70A4776B6BD4}"
EndProject
Project("{FAE04EC0-301F-11D3-BF4B-00C04F79EFBC}") = "PCG3.Client.ViewModel", "PCG3.Client.ViewModel\PCG3.Client.ViewModel.csproj", "{CAC03412-9666-457B-A44D-B6BE64D7EA9C}"
EndProject
Project("{FAE04EC0-301F-11D3-BF4B-00C04F79EFBC}") = "PCG3.Server", "PCG3.Server\PCG3.Server.csproj", "{8181ED81-96A9-4111-BA68-1ECF5DA70E04}"
EndProject
Project("{FAE04EC0-301F-11D3-BF4B-00C04F79EFBC}") = "PCG3.TestFramework", "PCG3.TestFramework\PCG3.TestFramework.csproj", "{2D40D432-E19C-4DDE-AB56-BE35574F4FEF}"
EndProject
Project("{FAE04EC0-301F-11D3-BF4B-00C04F79EFBC}") = "PCG3.TestUnitTests", "PCG3.TestUnitTests\PCG3.TestUnitTests.csproj", "{911C45FB-9108-4E58-B77F-676E001ACA5E}"
EndProject
Project("{FAE04EC0-301F-11D3-BF4B-00C04F79EFBC}") = "PCG3.Middleware", "PCG3.Middleware\PCG3.Middleware.csproj", "{211B61AE-06C2-4EB0-A10E-32DB096F4AF1}"
EndProject
Project("{FAE04EC0-301F-11D3-BF4B-00C04F79EFBC}") = "PCG3.Client.Logic", "PCG3.Client.Logic\PCG3.Client.Logic.csproj", "{245777D1-91E2-4D55-AA48-3B250D6BE506}"
EndProject
Project("{FAE04EC0-301F-11D3-BF4B-00C04F79EFBC}") = "PCG3.Util", "PCG3.Util\PCG3.Util.csproj", "{6B83B0F0-259A-40BB-816B-5669B14E3013}"
EndProject
Project("{FAE04EC0-301F-11D3-BF4B-00C04F79EFBC}") = "PCG3.TestUnitTestsSimple", "PCG3.TestUnitTestsSimple\PCG3.TestUnitTestsSimple.csproj", "{8A2940C2-9615-4287-9A92-1724889A55B0}"
EndProject
Global
	GlobalSection(SolutionConfigurationPlatforms) = preSolution
		Debug|Any CPU = Debug|Any CPU
		Release|Any CPU = Release|Any CPU
	EndGlobalSection
	GlobalSection(ProjectConfigurationPlatforms) = postSolution
		{8C8C69D7-3313-4C6D-9266-70A4776B6BD4}.Debug|Any CPU.ActiveCfg = Debug|Any CPU
		{8C8C69D7-3313-4C6D-9266-70A4776B6BD4}.Debug|Any CPU.Build.0 = Debug|Any CPU
		{8C8C69D7-3313-4C6D-9266-70A4776B6BD4}.Release|Any CPU.ActiveCfg = Release|Any CPU
		{8C8C69D7-3313-4C6D-9266-70A4776B6BD4}.Release|Any CPU.Build.0 = Release|Any CPU
		{CAC03412-9666-457B-A44D-B6BE64D7EA9C}.Debug|Any CPU.ActiveCfg = Debug|Any CPU
		{CAC03412-9666-457B-A44D-B6BE64D7EA9C}.Debug|Any CPU.Build.0 = Debug|Any CPU
		{CAC03412-9666-457B-A44D-B6BE64D7EA9C}.Release|Any CPU.ActiveCfg = Release|Any CPU
		{CAC03412-9666-457B-A44D-B6BE64D7EA9C}.Release|Any CPU.Build.0 = Release|Any CPU
		{8181ED81-96A9-4111-BA68-1ECF5DA70E04}.Debug|Any CPU.ActiveCfg = Debug|Any CPU
		{8181ED81-96A9-4111-BA68-1ECF5DA70E04}.Debug|Any CPU.Build.0 = Debug|Any CPU
		{8181ED81-96A9-4111-BA68-1ECF5DA70E04}.Release|Any CPU.ActiveCfg = Release|Any CPU
		{8181ED81-96A9-4111-BA68-1ECF5DA70E04}.Release|Any CPU.Build.0 = Release|Any CPU
		{2D40D432-E19C-4DDE-AB56-BE35574F4FEF}.Debug|Any CPU.ActiveCfg = Debug|Any CPU
		{2D40D432-E19C-4DDE-AB56-BE35574F4FEF}.Debug|Any CPU.Build.0 = Debug|Any CPU
		{2D40D432-E19C-4DDE-AB56-BE35574F4FEF}.Release|Any CPU.ActiveCfg = Release|Any CPU
		{2D40D432-E19C-4DDE-AB56-BE35574F4FEF}.Release|Any CPU.Build.0 = Release|Any CPU
		{911C45FB-9108-4E58-B77F-676E001ACA5E}.Debug|Any CPU.ActiveCfg = Debug|Any CPU
		{911C45FB-9108-4E58-B77F-676E001ACA5E}.Debug|Any CPU.Build.0 = Debug|Any CPU
		{911C45FB-9108-4E58-B77F-676E001ACA5E}.Release|Any CPU.ActiveCfg = Release|Any CPU
		{911C45FB-9108-4E58-B77F-676E001ACA5E}.Release|Any CPU.Build.0 = Release|Any CPU
		{211B61AE-06C2-4EB0-A10E-32DB096F4AF1}.Debug|Any CPU.ActiveCfg = Debug|Any CPU
		{211B61AE-06C2-4EB0-A10E-32DB096F4AF1}.Debug|Any CPU.Build.0 = Debug|Any CPU
		{211B61AE-06C2-4EB0-A10E-32DB096F4AF1}.Release|Any CPU.ActiveCfg = Release|Any CPU
		{211B61AE-06C2-4EB0-A10E-32DB096F4AF1}.Release|Any CPU.Build.0 = Release|Any CPU
		{245777D1-91E2-4D55-AA48-3B250D6BE506}.Debug|Any CPU.ActiveCfg = Debug|Any CPU
		{245777D1-91E2-4D55-AA48-3B250D6BE506}.Debug|Any CPU.Build.0 = Debug|Any CPU
		{245777D1-91E2-4D55-AA48-3B250D6BE506}.Release|Any CPU.ActiveCfg = Release|Any CPU
		{245777D1-91E2-4D55-AA48-3B250D6BE506}.Release|Any CPU.Build.0 = Release|Any CPU
		{6B83B0F0-259A-40BB-816B-5669B14E3013}.Debug|Any CPU.ActiveCfg = Debug|Any CPU
		{6B83B0F0-259A-40BB-816B-5669B14E3013}.Debug|Any CPU.Build.0 = Debug|Any CPU
		{6B83B0F0-259A-40BB-816B-5669B14E3013}.Release|Any CPU.ActiveCfg = Release|Any CPU
		{6B83B0F0-259A-40BB-816B-5669B14E3013}.Release|Any CPU.Build.0 = Release|Any CPU
		{8A2940C2-9615-4287-9A92-1724889A55B0}.Debug|Any CPU.ActiveCfg = Debug|Any CPU
		{8A2940C2-9615-4287-9A92-1724889A55B0}.Debug|Any CPU.Build.0 = Debug|Any CPU
		{8A2940C2-9615-4287-9A92-1724889A55B0}.Release|Any CPU.ActiveCfg = Release|Any CPU
		{8A2940C2-9615-4287-9A92-1724889A55B0}.Release|Any CPU.Build.0 = Release|Any CPU
	EndGlobalSection
	GlobalSection(SolutionProperties) = preSolution
		HideSolutionNode = FALSE
	EndGlobalSection
EndGlobal
